
Microsoft Visual Studio Solution File, Format Version 12.00
Project("{2150E333-8FDC-42A3-9474-1A3956D46DE8}") = "src", "src", "{3124ABC4-AC1F-483D-8F10-ACF99FF3C429}"
EndProject
Project("{2150E333-8FDC-42A3-9474-1A3956D46DE8}") = "Shared", "Shared", "{8D549FB0-32DA-4DFD-9E22-21488824D562}"
EndProject
Project("{FAE04EC0-301F-11D3-BF4B-00C04F79EFBC}") = "RevenueRecognition.Api", "RevenueRecognition.Api\RevenueRecognition.Api.csproj", "{D21E4D23-88BD-4DF2-A4B4-35002CD56721}"
EndProject
Project("{FAE04EC0-301F-11D3-BF4B-00C04F79EFBC}") = "ConsoleApp1", "ConsoleApp1\ConsoleApp1.csproj", "{B2AC75F6-D985-4A85-9EF6-04FCFDB1DFAE}"
EndProject
Global
	GlobalSection(SolutionConfigurationPlatforms) = preSolution
		Debug|Any CPU = Debug|Any CPU
		Release|Any CPU = Release|Any CPU
	EndGlobalSection
	GlobalSection(ProjectConfigurationPlatforms) = postSolution
		{D21E4D23-88BD-4DF2-A4B4-35002CD56721}.Debug|Any CPU.ActiveCfg = Debug|Any CPU
		{D21E4D23-88BD-4DF2-A4B4-35002CD56721}.Debug|Any CPU.Build.0 = Debug|Any CPU
		{D21E4D23-88BD-4DF2-A4B4-35002CD56721}.Release|Any CPU.ActiveCfg = Release|Any CPU
		{D21E4D23-88BD-4DF2-A4B4-35002CD56721}.Release|Any CPU.Build.0 = Release|Any CPU
		{B2AC75F6-D985-4A85-9EF6-04FCFDB1DFAE}.Debug|Any CPU.ActiveCfg = Debug|Any CPU
		{B2AC75F6-D985-4A85-9EF6-04FCFDB1DFAE}.Debug|Any CPU.Build.0 = Debug|Any CPU
		{B2AC75F6-D985-4A85-9EF6-04FCFDB1DFAE}.Release|Any CPU.ActiveCfg = Release|Any CPU
		{B2AC75F6-D985-4A85-9EF6-04FCFDB1DFAE}.Release|Any CPU.Build.0 = Release|Any CPU
	EndGlobalSection
	GlobalSection(NestedProjects) = preSolution
		{8D549FB0-32DA-4DFD-9E22-21488824D562} = {3124ABC4-AC1F-483D-8F10-ACF99FF3C429}
		{D21E4D23-88BD-4DF2-A4B4-35002CD56721} = {3124ABC4-AC1F-483D-8F10-ACF99FF3C429}
		{B2AC75F6-D985-4A85-9EF6-04FCFDB1DFAE} = {3124ABC4-AC1F-483D-8F10-ACF99FF3C429}
	EndGlobalSection
EndGlobal
